
Microsoft Visual Studio Solution File, Format Version 12.00
# Visual Studio Version 16
VisualStudioVersion = 16.0.30011.22
MinimumVisualStudioVersion = 10.0.40219.1
Project("{FAE04EC0-301F-11D3-BF4B-00C04F79EFBC}") = "LinqEightQueens", "LinqEightQueens\LinqEightQueens.csproj", "{24AD9824-F694-4CC3-960B-A520558C4EAA}"
EndProject
Global
	GlobalSection(SolutionConfigurationPlatforms) = preSolution
		Debug|Any CPU = Debug|Any CPU
		Release|Any CPU = Release|Any CPU
	EndGlobalSection
	GlobalSection(ProjectConfigurationPlatforms) = postSolution
		{24AD9824-F694-4CC3-960B-A520558C4EAA}.Debug|Any CPU.ActiveCfg = Debug|Any CPU
		{24AD9824-F694-4CC3-960B-A520558C4EAA}.Debug|Any CPU.Build.0 = Debug|Any CPU
		{24AD9824-F694-4CC3-960B-A520558C4EAA}.Release|Any CPU.ActiveCfg = Release|Any CPU
		{24AD9824-F694-4CC3-960B-A520558C4EAA}.Release|Any CPU.Build.0 = Release|Any CPU
	EndGlobalSection
	GlobalSection(SolutionProperties) = preSolution
		HideSolutionNode = FALSE
	EndGlobalSection
	GlobalSection(ExtensibilityGlobals) = postSolution
		SolutionGuid = {AE4FF308-1580-4E82-9DF7-6AC83A905622}
	EndGlobalSection
EndGlobal
